
Microsoft Visual Studio Solution File, Format Version 12.00
Project("{8BC9CEB8-8B4A-11D0-8D11-00A0C91BC942}") = "ONNXBuilder", "ONNXBuilder\ONNXBuilder.vcxproj", "{07FD1334-2710-4D87-9407-3F571D54161A}"
EndProject
Project("{8BC9CEB8-8B4A-11D0-8D11-00A0C91BC942}") = "LinkTest", "LinkTest\LinkTest.vcxproj", "{6268F81E-8BA9-47BA-9DDB-2E3C23A5D4E0}"
EndProject
Global
	GlobalSection(SolutionConfigurationPlatforms) = preSolution
		Debug|Any CPU = Debug|Any CPU
		Release|Any CPU = Release|Any CPU
	EndGlobalSection
	GlobalSection(ProjectConfigurationPlatforms) = postSolution
		{07FD1334-2710-4D87-9407-3F571D54161A}.Release|Any CPU.ActiveCfg = Release|Win32
		{07FD1334-2710-4D87-9407-3F571D54161A}.Release|Any CPU.Build.0 = Release|Win32
		{07FD1334-2710-4D87-9407-3F571D54161A}.Debug|Any CPU.ActiveCfg = Debug|x64
		{07FD1334-2710-4D87-9407-3F571D54161A}.Debug|Any CPU.Build.0 = Debug|x64
		{6268F81E-8BA9-47BA-9DDB-2E3C23A5D4E0}.Release|Any CPU.ActiveCfg = Release|Win32
		{6268F81E-8BA9-47BA-9DDB-2E3C23A5D4E0}.Release|Any CPU.Build.0 = Release|Win32
		{6268F81E-8BA9-47BA-9DDB-2E3C23A5D4E0}.Debug|Any CPU.ActiveCfg = Debug|x64
		{6268F81E-8BA9-47BA-9DDB-2E3C23A5D4E0}.Debug|Any CPU.Build.0 = Debug|x64
	EndGlobalSection
EndGlobal
